{
  "version": 4,
  "terraform_version": "1.1.5",
  "serial": 32,
  "lineage": "da315ff1-e126-b462-369c-576afce05fab",
  "outputs": {
    "instance_group_public_ips": {
      "value": [
        "62.84.121.96",
        "130.193.46.161",
        "62.84.113.165"
      ],
      "type": [
        "list",
        "string"
      ]
    }
  },
  "resources": [
    {
      "mode": "managed",
      "type": "yandex_compute_instance_group",
      "name": "k8s-cluster",
      "provider": "provider[\"registry.terraform.io/yandex-cloud/yandex\"]",
      "instances": [
        {
          "schema_version": 0,
          "attributes": {
            "allocation_policy": [
              {
                "zones": [
                  "ru-central1-a",
                  "ru-central1-b",
                  "ru-central1-c"
                ]
              }
            ],
            "application_load_balancer": [],
            "created_at": "2022-02-09T05:14:10Z",
            "deletion_protection": false,
            "deploy_policy": [
              {
                "max_creating": 3,
                "max_deleting": 2,
                "max_expansion": 2,
                "max_unavailable": 1,
                "startup_duration": 0,
                "strategy": "proactive"
              }
            ],
            "description": "",
            "folder_id": "b1gbfdm5fn2htkj22u8h",
            "health_check": [],
            "id": "cl11nlev2pj2kssh189u",
            "instance_template": [
              {
                "boot_disk": [
                  {
                    "device_name": "",
                    "disk_id": "",
                    "initialize_params": [
                      {
                        "description": "",
                        "image_id": "fd827b91d99psvq5fjit",
                        "size": 10,
                        "snapshot_id": "",
                        "type": "network-hdd"
                      }
                    ],
                    "mode": "READ_WRITE"
                  }
                ],
                "description": "",
                "hostname": "",
                "labels": {
                  "label1": "worker1",
                  "label2": "worker2",
                  "label3": "worker3"
                },
                "metadata": {
                  "ssh-keys": "ubuntu:ssh-rsa AAAAB3NzaC1yc2EAAAADAQABAAABgQDTQw5uluvWM/WumzF42TKEemU41kfvhi9mG1Zjss3j7qhEpS2eC7K142IcjDnfYiDwmWBClsgHayidNy9Iyt7uqy8T3kLwVMEfCPSc8Kaa8pzaflbn+Et7tHHacwq87HAQDFbcHRGgfQNEn4+7CG/uqPSmprZTNddFj1zXLCLZ2hwfX3Gd4+Jp21JLM7w/7jzpBA6J+eqZUmw6W6UJogPyA2YmWq8mhmRzo4WGdbIbU9XrzcrNkcKHrK7ka0XIytZ0YIAbCcBV9vZUEvFi/PkB1PkCa/fVZbXcdULwMKYF0cD5B6pOOGsvethfWbMweOfrU9dbM36CySpqE7b/AN6F3oASkaDk9DvOUqnD2MlEw4dqPPmURM0iPVDBYgtSwRgpwgyGhBuMbewnnZdsAeGizXONn3SVtx5Y/HBON7fakLOCggCQ6qG4iXVo7XCDmCSi4x87oF7iD5IcnXuAE4zjEogEltVxvBOz3Wm3Wof/fcNVxChNfyIDeBCPl8UpMhU= vladimir@master\n"
                },
                "name": "worker-{instance.index}",
                "network_interface": [
                  {
                    "dns_record": [],
                    "ip_address": "",
                    "ipv4": true,
                    "ipv6": false,
                    "ipv6_address": "",
                    "ipv6_dns_record": [],
                    "nat": true,
                    "nat_dns_record": [],
                    "nat_ip_address": "",
                    "network_id": "enpttebhv89a9go8sei1",
                    "security_group_ids": [],
                    "subnet_ids": [
                      "b0ccu2dgfhs0pfub1oql",
                      "e2leia5oejrb5duhg3m5",
                      "e9bllrlj23racru0j9l9"
                    ]
                  }
                ],
                "network_settings": [
                  {
                    "type": "STANDARD"
                  }
                ],
                "placement_policy": [],
                "platform_id": "standard-v1",
                "resources": [
                  {
                    "core_fraction": 100,
                    "cores": 2,
                    "gpus": 0,
                    "memory": 2
                  }
                ],
                "scheduling_policy": [
                  {
                    "preemptible": false
                  }
                ],
                "secondary_disk": [],
                "service_account_id": ""
              }
            ],
            "instances": [
              {
                "fqdn": "worker-1.ru-central1.internal",
                "instance_id": "fhm40bhfj17j4u0k8lk7",
                "name": "worker-1",
                "network_interface": [
                  {
                    "index": 0,
                    "ip_address": "172.28.0.21",
                    "ipv4": true,
                    "ipv6": false,
                    "ipv6_address": "",
                    "mac_address": "d0:0d:40:2e:2f:98",
                    "nat": true,
                    "nat_ip_address": "51.250.12.150",
                    "nat_ip_version": "IPV4",
                    "subnet_id": "e9bllrlj23racru0j9l9"
                  }
                ],
                "status": "RUNNING_ACTUAL",
                "status_changed_at": "2022-02-09T05:18:55Z",
                "status_message": "",
                "zone_id": "ru-central1-a"
              },
              {
                "fqdn": "worker-4.ru-central1.internal",
                "instance_id": "epdeuv78fn79dqsjqdjf",
                "name": "worker-4",
                "network_interface": [
                  {
                    "index": 0,
                    "ip_address": "172.28.10.34",
                    "ipv4": true,
                    "ipv6": false,
                    "ipv6_address": "",
                    "mac_address": "d0:0d:ef:7c:e8:7d",
                    "nat": true,
                    "nat_ip_address": "51.250.21.45",
                    "nat_ip_version": "IPV4",
                    "subnet_id": "e2leia5oejrb5duhg3m5"
                  }
                ],
                "status": "RUNNING_ACTUAL",
                "status_changed_at": "2022-02-09T05:18:27Z",
                "status_message": "",
                "zone_id": "ru-central1-b"
              },
              {
                "fqdn": "worker-5.ru-central1.internal",
                "instance_id": "ef3p9g100i27ifd282en",
                "name": "worker-5",
                "network_interface": [
                  {
                    "index": 0,
                    "ip_address": "172.28.20.31",
                    "ipv4": true,
                    "ipv6": false,
                    "ipv6_address": "",
                    "mac_address": "d0:0d:19:4c:02:00",
                    "nat": true,
                    "nat_ip_address": "130.193.59.150",
                    "nat_ip_version": "IPV4",
                    "subnet_id": "b0ccu2dgfhs0pfub1oql"
                  }
                ],
                "status": "RUNNING_ACTUAL",
                "status_changed_at": "2022-02-09T05:18:26Z",
                "status_message": "",
                "zone_id": "ru-central1-c"
              }
            ],
            "labels": {},
            "load_balancer": [
              {
                "max_opening_traffic_duration": 0,
                "status_message": "",
                "target_group_description": "load balancer target group",
                "target_group_id": "enplmjiavv492ktuuj4u",
                "target_group_labels": {},
                "target_group_name": "target-group"
              }
            ],
            "max_checking_health_duration": null,
            "name": "k8s-cluster",
            "scale_policy": [
              {
                "auto_scale": [],
                "fixed_scale": [
                  {
                    "size": 3
                  }
                ],
                "test_auto_scale": []
              }
            ],
            "service_account_id": "aje1vhtm9ctpn0fffbhb",
            "status": "ACTIVE",
            "timeouts": null,
            "variables": {}
          },
          "sensitive_attributes": [],
          "private": "eyJlMmJmYjczMC1lY2FhLTExZTYtOGY4OC0zNDM2M2JjN2M0YzAiOnsiY3JlYXRlIjoxODAwMDAwMDAwMDAwLCJkZWxldGUiOjE4MDAwMDAwMDAwMDAsInVwZGF0ZSI6MTgwMDAwMDAwMDAwMH19",
          "dependencies": [
            "yandex_vpc_network.k8s-network",
            "yandex_vpc_subnet.k8s-network-a",
            "yandex_vpc_subnet.k8s-network-b",
            "yandex_vpc_subnet.k8s-network-c"
          ]
        }
      ]
    },
    {
      "mode": "managed",
      "type": "yandex_vpc_network",
      "name": "k8s-network",
      "provider": "provider[\"registry.terraform.io/yandex-cloud/yandex\"]",
      "instances": [
        {
          "schema_version": 0,
          "attributes": {
            "created_at": "2022-02-09T05:14:06Z",
            "default_security_group_id": "",
            "description": "",
            "folder_id": "b1gbfdm5fn2htkj22u8h",
            "id": "enpttebhv89a9go8sei1",
            "labels": {},
            "name": "ya-network",
            "subnet_ids": [
              "b0ccu2dgfhs0pfub1oql",
              "e2leia5oejrb5duhg3m5",
              "e9bllrlj23racru0j9l9"
            ],
            "timeouts": null
          },
          "sensitive_attributes": [],
          "private": "eyJlMmJmYjczMC1lY2FhLTExZTYtOGY4OC0zNDM2M2JjN2M0YzAiOnsiY3JlYXRlIjo2MDAwMDAwMDAwMCwiZGVsZXRlIjo2MDAwMDAwMDAwMCwidXBkYXRlIjo2MDAwMDAwMDAwMH19"
        }
      ]
    },
    {
      "mode": "managed",
      "type": "yandex_vpc_subnet",
      "name": "k8s-network-a",
      "provider": "provider[\"registry.terraform.io/yandex-cloud/yandex\"]",
      "instances": [
        {
          "schema_version": 0,
          "attributes": {
            "created_at": "2022-02-09T05:14:07Z",
            "description": "",
            "dhcp_options": [],
            "folder_id": "b1gbfdm5fn2htkj22u8h",
            "id": "e9bllrlj23racru0j9l9",
            "labels": {},
            "name": "public-a",
            "network_id": "enpttebhv89a9go8sei1",
            "route_table_id": "",
            "timeouts": null,
            "v4_cidr_blocks": [
              "172.28.0.0/24"
            ],
            "v6_cidr_blocks": [],
            "zone": "ru-central1-a"
          },
          "sensitive_attributes": [],
          "private": "eyJlMmJmYjczMC1lY2FhLTExZTYtOGY4OC0zNDM2M2JjN2M0YzAiOnsiY3JlYXRlIjoxODAwMDAwMDAwMDAsImRlbGV0ZSI6MTgwMDAwMDAwMDAwLCJ1cGRhdGUiOjE4MDAwMDAwMDAwMH19",
          "dependencies": [
            "yandex_vpc_network.k8s-network"
          ]
        }
      ]
    },
    {
      "mode": "managed",
      "type": "yandex_vpc_subnet",
      "name": "k8s-network-b",
      "provider": "provider[\"registry.terraform.io/yandex-cloud/yandex\"]",
      "instances": [
        {
          "schema_version": 0,
          "attributes": {
            "created_at": "2022-02-09T05:14:07Z",
            "description": "",
            "dhcp_options": [],
            "folder_id": "b1gbfdm5fn2htkj22u8h",
            "id": "e2leia5oejrb5duhg3m5",
            "labels": {},
            "name": "public-b",
            "network_id": "enpttebhv89a9go8sei1",
            "route_table_id": "",
            "timeouts": null,
            "v4_cidr_blocks": [
              "172.28.10.0/24"
            ],
            "v6_cidr_blocks": [],
            "zone": "ru-central1-b"
          },
          "sensitive_attributes": [],
          "private": "eyJlMmJmYjczMC1lY2FhLTExZTYtOGY4OC0zNDM2M2JjN2M0YzAiOnsiY3JlYXRlIjoxODAwMDAwMDAwMDAsImRlbGV0ZSI6MTgwMDAwMDAwMDAwLCJ1cGRhdGUiOjE4MDAwMDAwMDAwMH19",
          "dependencies": [
            "yandex_vpc_network.k8s-network"
          ]
        }
      ]
    },
    {
      "mode": "managed",
      "type": "yandex_vpc_subnet",
      "name": "k8s-network-c",
      "provider": "provider[\"registry.terraform.io/yandex-cloud/yandex\"]",
      "instances": [
        {
          "schema_version": 0,
          "attributes": {
            "created_at": "2022-02-09T05:14:08Z",
            "description": "",
            "dhcp_options": [],
            "folder_id": "b1gbfdm5fn2htkj22u8h",
            "id": "b0ccu2dgfhs0pfub1oql",
            "labels": {},
            "name": "public-c",
            "network_id": "enpttebhv89a9go8sei1",
            "route_table_id": "",
            "timeouts": null,
            "v4_cidr_blocks": [
              "172.28.20.0/24"
            ],
            "v6_cidr_blocks": [],
            "zone": "ru-central1-c"
          },
          "sensitive_attributes": [],
          "private": "eyJlMmJmYjczMC1lY2FhLTExZTYtOGY4OC0zNDM2M2JjN2M0YzAiOnsiY3JlYXRlIjoxODAwMDAwMDAwMDAsImRlbGV0ZSI6MTgwMDAwMDAwMDAwLCJ1cGRhdGUiOjE4MDAwMDAwMDAwMH19",
          "dependencies": [
            "yandex_vpc_network.k8s-network"
          ]
        }
      ]
    }
  ]
}
